
Microsoft Visual Studio Solution File, Format Version 12.00
# Visual Studio Version 16
VisualStudioVersion = 16.0.30907.101
MinimumVisualStudioVersion = 10.0.40219.1
Project("{FAE04EC0-301F-11D3-BF4B-00C04F79EFBC}") = "ChatClient", "ChatClient.csproj", "{61853603-9AA9-4A09-8237-0CA904260460}"
EndProject
Global
	GlobalSection(SolutionConfigurationPlatforms) = preSolution
		Debug|Any CPU = Debug|Any CPU
		Release|Any CPU = Release|Any CPU
	EndGlobalSection
	GlobalSection(ProjectConfigurationPlatforms) = postSolution
		{61853603-9AA9-4A09-8237-0CA904260460}.Debug|Any CPU.ActiveCfg = Debug|Any CPU
		{61853603-9AA9-4A09-8237-0CA904260460}.Debug|Any CPU.Build.0 = Debug|Any CPU
		{61853603-9AA9-4A09-8237-0CA904260460}.Release|Any CPU.ActiveCfg = Release|Any CPU
		{61853603-9AA9-4A09-8237-0CA904260460}.Release|Any CPU.Build.0 = Release|Any CPU
	EndGlobalSection
	GlobalSection(SolutionProperties) = preSolution
		HideSolutionNode = FALSE
	EndGlobalSection
	GlobalSection(ExtensibilityGlobals) = postSolution
		SolutionGuid = {3DBA0C09-C652-4A5F-B4D7-CEB684DCAB7D}
	EndGlobalSection
EndGlobal
